
Microsoft Visual Studio Solution File, Format Version 12.00
# Visual Studio Version 17
VisualStudioVersion = 17.4.33213.308
MinimumVisualStudioVersion = 10.0.40219.1
Project("{FAE04EC0-301F-11D3-BF4B-00C04F79EFBC}") = "CGSSExtension", "CGSSExtension\CGSSExtension.csproj", "{A642B512-166F-4159-9CCA-611B2AF9FBF5}"
EndProject
Global
	GlobalSection(SolutionConfigurationPlatforms) = preSolution
		Debug|Any CPU = Debug|Any CPU
		Release|Any CPU = Release|Any CPU
	EndGlobalSection
	GlobalSection(ProjectConfigurationPlatforms) = postSolution
		{A642B512-166F-4159-9CCA-611B2AF9FBF5}.Debug|Any CPU.ActiveCfg = Debug|Any CPU
		{A642B512-166F-4159-9CCA-611B2AF9FBF5}.Debug|Any CPU.Build.0 = Debug|Any CPU
		{A642B512-166F-4159-9CCA-611B2AF9FBF5}.Release|Any CPU.ActiveCfg = Release|Any CPU
		{A642B512-166F-4159-9CCA-611B2AF9FBF5}.Release|Any CPU.Build.0 = Release|Any CPU
	EndGlobalSection
	GlobalSection(SolutionProperties) = preSolution
		HideSolutionNode = FALSE
	EndGlobalSection
	GlobalSection(ExtensibilityGlobals) = postSolution
		SolutionGuid = {B4022971-A578-4526-BE12-A686DD73941E}
	EndGlobalSection
EndGlobal
